
Microsoft Visual Studio Solution File, Format Version 12.00
# Visual Studio 14
VisualStudioVersion = 14.0.25420.1
MinimumVisualStudioVersion = 10.0.40219.1
Project("{2150E333-8FDC-42A3-9474-1A3956D46DE8}") = "일일알고리즘", "일일알고리즘", "{62B245E8-AD1C-4BAA-9BD2-D22DEACFBBD2}"
EndProject
Project("{2150E333-8FDC-42A3-9474-1A3956D46DE8}") = "알고리즘연습", "알고리즘연습", "{4B137C49-EBE4-41BD-BDEC-A27E6F0D39E9}"
EndProject
Project("{8BC9CEB8-8B4A-11D0-8D11-00A0C91BC942}") = "1일차", "1일차\1일차.vcxproj", "{00683CDC-8021-4224-BDF2-745A190ED4EA}"
EndProject
Project("{8BC9CEB8-8B4A-11D0-8D11-00A0C91BC942}") = "2일차", "2일차\2일차.vcxproj", "{1AA89EEB-0F63-4BD0-87C2-71C90A052944}"
EndProject
Project("{8BC9CEB8-8B4A-11D0-8D11-00A0C91BC942}") = "3일차", "3일차\3일차.vcxproj", "{A49FAA15-B07C-433C-AE0F-A62DED176F31}"
EndProject
Project("{8BC9CEB8-8B4A-11D0-8D11-00A0C91BC942}") = "4일차", "4일차\4일차.vcxproj", "{8A798923-C315-45C4-9A94-276A474BEE35}"
EndProject
Project("{8BC9CEB8-8B4A-11D0-8D11-00A0C91BC942}") = "5일차", "5일차\5일차.vcxproj", "{93075200-FA63-4CCB-A8A5-04EDEFB06710}"
EndProject
Project("{8BC9CEB8-8B4A-11D0-8D11-00A0C91BC942}") = "6일차", "6일차\6일차.vcxproj", "{9C0BA9F8-8C93-473B-9F54-114B40D16B34}"
EndProject
Project("{8BC9CEB8-8B4A-11D0-8D11-00A0C91BC942}") = "22-08-22", "7일차\7일차.vcxproj", "{B4F8B98F-69FE-4E8F-BBEF-0A115C9C2BE0}"
EndProject
Project("{8BC9CEB8-8B4A-11D0-8D11-00A0C91BC942}") = "22-08-23", "22-08-23\22-08-23.vcxproj", "{BFA7245D-5FA8-4C3E-8628-596EF690F495}"
EndProject
Project("{8BC9CEB8-8B4A-11D0-8D11-00A0C91BC942}") = "22-08-24", "22-08-24\22-08-24.vcxproj", "{024F46CC-E3FF-43FD-A470-566BB393AE74}"
EndProject
Project("{8BC9CEB8-8B4A-11D0-8D11-00A0C91BC942}") = "22-08-26", "22-08-26\22-08-26.vcxproj", "{6B2F5BD6-C0D1-408F-8522-7079B9ECE682}"
EndProject
Project("{8BC9CEB8-8B4A-11D0-8D11-00A0C91BC942}") = "22-08-27", "22-08-27\22-08-27.vcxproj", "{22B78FDC-4404-40D6-8EE9-F2862F8FD3A6}"
EndProject
Project("{8BC9CEB8-8B4A-11D0-8D11-00A0C91BC942}") = "22-08-29", "22-08-29\22-08-29.vcxproj", "{E6E9F80D-2A86-48F7-8461-9736C0659D31}"
EndProject
Project("{8BC9CEB8-8B4A-11D0-8D11-00A0C91BC942}") = "22-08-30~", "22-08-30~\22-08-30~.vcxproj", "{0FC37E62-B037-4CEE-9170-7FC2696E1AD3}"
EndProject
Global
	GlobalSection(SolutionConfigurationPlatforms) = preSolution
		Debug|x64 = Debug|x64
		Debug|x86 = Debug|x86
		Release|x64 = Release|x64
		Release|x86 = Release|x86
	EndGlobalSection
	GlobalSection(ProjectConfigurationPlatforms) = postSolution
		{00683CDC-8021-4224-BDF2-745A190ED4EA}.Debug|x64.ActiveCfg = Debug|x64
		{00683CDC-8021-4224-BDF2-745A190ED4EA}.Debug|x64.Build.0 = Debug|x64
		{00683CDC-8021-4224-BDF2-745A190ED4EA}.Debug|x86.ActiveCfg = Debug|Win32
		{00683CDC-8021-4224-BDF2-745A190ED4EA}.Debug|x86.Build.0 = Debug|Win32
		{00683CDC-8021-4224-BDF2-745A190ED4EA}.Release|x64.ActiveCfg = Release|x64
		{00683CDC-8021-4224-BDF2-745A190ED4EA}.Release|x64.Build.0 = Release|x64
		{00683CDC-8021-4224-BDF2-745A190ED4EA}.Release|x86.ActiveCfg = Release|Win32
		{00683CDC-8021-4224-BDF2-745A190ED4EA}.Release|x86.Build.0 = Release|Win32
		{1AA89EEB-0F63-4BD0-87C2-71C90A052944}.Debug|x64.ActiveCfg = Debug|x64
		{1AA89EEB-0F63-4BD0-87C2-71C90A052944}.Debug|x64.Build.0 = Debug|x64
		{1AA89EEB-0F63-4BD0-87C2-71C90A052944}.Debug|x86.ActiveCfg = Debug|Win32
		{1AA89EEB-0F63-4BD0-87C2-71C90A052944}.Debug|x86.Build.0 = Debug|Win32
		{1AA89EEB-0F63-4BD0-87C2-71C90A052944}.Release|x64.ActiveCfg = Release|x64
		{1AA89EEB-0F63-4BD0-87C2-71C90A052944}.Release|x64.Build.0 = Release|x64
		{1AA89EEB-0F63-4BD0-87C2-71C90A052944}.Release|x86.ActiveCfg = Release|Win32
		{1AA89EEB-0F63-4BD0-87C2-71C90A052944}.Release|x86.Build.0 = Release|Win32
		{A49FAA15-B07C-433C-AE0F-A62DED176F31}.Debug|x64.ActiveCfg = Debug|x64
		{A49FAA15-B07C-433C-AE0F-A62DED176F31}.Debug|x64.Build.0 = Debug|x64
		{A49FAA15-B07C-433C-AE0F-A62DED176F31}.Debug|x86.ActiveCfg = Debug|Win32
		{A49FAA15-B07C-433C-AE0F-A62DED176F31}.Debug|x86.Build.0 = Debug|Win32
		{A49FAA15-B07C-433C-AE0F-A62DED176F31}.Release|x64.ActiveCfg = Release|x64
		{A49FAA15-B07C-433C-AE0F-A62DED176F31}.Release|x64.Build.0 = Release|x64
		{A49FAA15-B07C-433C-AE0F-A62DED176F31}.Release|x86.ActiveCfg = Release|Win32
		{A49FAA15-B07C-433C-AE0F-A62DED176F31}.Release|x86.Build.0 = Release|Win32
		{8A798923-C315-45C4-9A94-276A474BEE35}.Debug|x64.ActiveCfg = Debug|x64
		{8A798923-C315-45C4-9A94-276A474BEE35}.Debug|x64.Build.0 = Debug|x64
		{8A798923-C315-45C4-9A94-276A474BEE35}.Debug|x86.ActiveCfg = Debug|Win32
		{8A798923-C315-45C4-9A94-276A474BEE35}.Debug|x86.Build.0 = Debug|Win32
		{8A798923-C315-45C4-9A94-276A474BEE35}.Release|x64.ActiveCfg = Release|x64
		{8A798923-C315-45C4-9A94-276A474BEE35}.Release|x64.Build.0 = Release|x64
		{8A798923-C315-45C4-9A94-276A474BEE35}.Release|x86.ActiveCfg = Release|Win32
		{8A798923-C315-45C4-9A94-276A474BEE35}.Release|x86.Build.0 = Release|Win32
		{93075200-FA63-4CCB-A8A5-04EDEFB06710}.Debug|x64.ActiveCfg = Debug|x64
		{93075200-FA63-4CCB-A8A5-04EDEFB06710}.Debug|x64.Build.0 = Debug|x64
		{93075200-FA63-4CCB-A8A5-04EDEFB06710}.Debug|x86.ActiveCfg = Debug|Win32
		{93075200-FA63-4CCB-A8A5-04EDEFB06710}.Debug|x86.Build.0 = Debug|Win32
		{93075200-FA63-4CCB-A8A5-04EDEFB06710}.Release|x64.ActiveCfg = Release|x64
		{93075200-FA63-4CCB-A8A5-04EDEFB06710}.Release|x64.Build.0 = Release|x64
		{93075200-FA63-4CCB-A8A5-04EDEFB06710}.Release|x86.ActiveCfg = Release|Win32
		{93075200-FA63-4CCB-A8A5-04EDEFB06710}.Release|x86.Build.0 = Release|Win32
		{9C0BA9F8-8C93-473B-9F54-114B40D16B34}.Debug|x64.ActiveCfg = Debug|x64
		{9C0BA9F8-8C93-473B-9F54-114B40D16B34}.Debug|x64.Build.0 = Debug|x64
		{9C0BA9F8-8C93-473B-9F54-114B40D16B34}.Debug|x86.ActiveCfg = Debug|Win32
		{9C0BA9F8-8C93-473B-9F54-114B40D16B34}.Debug|x86.Build.0 = Debug|Win32
		{9C0BA9F8-8C93-473B-9F54-114B40D16B34}.Release|x64.ActiveCfg = Release|x64
		{9C0BA9F8-8C93-473B-9F54-114B40D16B34}.Release|x64.Build.0 = Release|x64
		{9C0BA9F8-8C93-473B-9F54-114B40D16B34}.Release|x86.ActiveCfg = Release|Win32
		{9C0BA9F8-8C93-473B-9F54-114B40D16B34}.Release|x86.Build.0 = Release|Win32
		{B4F8B98F-69FE-4E8F-BBEF-0A115C9C2BE0}.Debug|x64.ActiveCfg = Debug|x64
		{B4F8B98F-69FE-4E8F-BBEF-0A115C9C2BE0}.Debug|x64.Build.0 = Debug|x64
		{B4F8B98F-69FE-4E8F-BBEF-0A115C9C2BE0}.Debug|x86.ActiveCfg = Debug|Win32
		{B4F8B98F-69FE-4E8F-BBEF-0A115C9C2BE0}.Debug|x86.Build.0 = Debug|Win32
		{B4F8B98F-69FE-4E8F-BBEF-0A115C9C2BE0}.Release|x64.ActiveCfg = Release|x64
		{B4F8B98F-69FE-4E8F-BBEF-0A115C9C2BE0}.Release|x64.Build.0 = Release|x64
		{B4F8B98F-69FE-4E8F-BBEF-0A115C9C2BE0}.Release|x86.ActiveCfg = Release|Win32
		{B4F8B98F-69FE-4E8F-BBEF-0A115C9C2BE0}.Release|x86.Build.0 = Release|Win32
		{BFA7245D-5FA8-4C3E-8628-596EF690F495}.Debug|x64.ActiveCfg = Debug|x64
		{BFA7245D-5FA8-4C3E-8628-596EF690F495}.Debug|x64.Build.0 = Debug|x64
		{BFA7245D-5FA8-4C3E-8628-596EF690F495}.Debug|x86.ActiveCfg = Debug|Win32
		{BFA7245D-5FA8-4C3E-8628-596EF690F495}.Debug|x86.Build.0 = Debug|Win32
		{BFA7245D-5FA8-4C3E-8628-596EF690F495}.Release|x64.ActiveCfg = Release|x64
		{BFA7245D-5FA8-4C3E-8628-596EF690F495}.Release|x64.Build.0 = Release|x64
		{BFA7245D-5FA8-4C3E-8628-596EF690F495}.Release|x86.ActiveCfg = Release|Win32
		{BFA7245D-5FA8-4C3E-8628-596EF690F495}.Release|x86.Build.0 = Release|Win32
		{024F46CC-E3FF-43FD-A470-566BB393AE74}.Debug|x64.ActiveCfg = Debug|x64
		{024F46CC-E3FF-43FD-A470-566BB393AE74}.Debug|x64.Build.0 = Debug|x64
		{024F46CC-E3FF-43FD-A470-566BB393AE74}.Debug|x86.ActiveCfg = Debug|Win32
		{024F46CC-E3FF-43FD-A470-566BB393AE74}.Debug|x86.Build.0 = Debug|Win32
		{024F46CC-E3FF-43FD-A470-566BB393AE74}.Release|x64.ActiveCfg = Release|x64
		{024F46CC-E3FF-43FD-A470-566BB393AE74}.Release|x64.Build.0 = Release|x64
		{024F46CC-E3FF-43FD-A470-566BB393AE74}.Release|x86.ActiveCfg = Release|Win32
		{024F46CC-E3FF-43FD-A470-566BB393AE74}.Release|x86.Build.0 = Release|Win32
		{6B2F5BD6-C0D1-408F-8522-7079B9ECE682}.Debug|x64.ActiveCfg = Debug|x64
		{6B2F5BD6-C0D1-408F-8522-7079B9ECE682}.Debug|x64.Build.0 = Debug|x64
		{6B2F5BD6-C0D1-408F-8522-7079B9ECE682}.Debug|x86.ActiveCfg = Debug|Win32
		{6B2F5BD6-C0D1-408F-8522-7079B9ECE682}.Debug|x86.Build.0 = Debug|Win32
		{6B2F5BD6-C0D1-408F-8522-7079B9ECE682}.Release|x64.ActiveCfg = Release|x64
		{6B2F5BD6-C0D1-408F-8522-7079B9ECE682}.Release|x64.Build.0 = Release|x64
		{6B2F5BD6-C0D1-408F-8522-7079B9ECE682}.Release|x86.ActiveCfg = Release|Win32
		{6B2F5BD6-C0D1-408F-8522-7079B9ECE682}.Release|x86.Build.0 = Release|Win32
		{22B78FDC-4404-40D6-8EE9-F2862F8FD3A6}.Debug|x64.ActiveCfg = Debug|x64
		{22B78FDC-4404-40D6-8EE9-F2862F8FD3A6}.Debug|x64.Build.0 = Debug|x64
		{22B78FDC-4404-40D6-8EE9-F2862F8FD3A6}.Debug|x86.ActiveCfg = Debug|Win32
		{22B78FDC-4404-40D6-8EE9-F2862F8FD3A6}.Debug|x86.Build.0 = Debug|Win32
		{22B78FDC-4404-40D6-8EE9-F2862F8FD3A6}.Release|x64.ActiveCfg = Release|x64
		{22B78FDC-4404-40D6-8EE9-F2862F8FD3A6}.Release|x64.Build.0 = Release|x64
		{22B78FDC-4404-40D6-8EE9-F2862F8FD3A6}.Release|x86.ActiveCfg = Release|Win32
		{22B78FDC-4404-40D6-8EE9-F2862F8FD3A6}.Release|x86.Build.0 = Release|Win32
		{E6E9F80D-2A86-48F7-8461-9736C0659D31}.Debug|x64.ActiveCfg = Debug|x64
		{E6E9F80D-2A86-48F7-8461-9736C0659D31}.Debug|x64.Build.0 = Debug|x64
		{E6E9F80D-2A86-48F7-8461-9736C0659D31}.Debug|x86.ActiveCfg = Debug|Win32
		{E6E9F80D-2A86-48F7-8461-9736C0659D31}.Debug|x86.Build.0 = Debug|Win32
		{E6E9F80D-2A86-48F7-8461-9736C0659D31}.Release|x64.ActiveCfg = Release|x64
		{E6E9F80D-2A86-48F7-8461-9736C0659D31}.Release|x64.Build.0 = Release|x64
		{E6E9F80D-2A86-48F7-8461-9736C0659D31}.Release|x86.ActiveCfg = Release|Win32
		{E6E9F80D-2A86-48F7-8461-9736C0659D31}.Release|x86.Build.0 = Release|Win32
		{0FC37E62-B037-4CEE-9170-7FC2696E1AD3}.Debug|x64.ActiveCfg = Debug|x64
		{0FC37E62-B037-4CEE-9170-7FC2696E1AD3}.Debug|x64.Build.0 = Debug|x64
		{0FC37E62-B037-4CEE-9170-7FC2696E1AD3}.Debug|x86.ActiveCfg = Debug|Win32
		{0FC37E62-B037-4CEE-9170-7FC2696E1AD3}.Debug|x86.Build.0 = Debug|Win32
		{0FC37E62-B037-4CEE-9170-7FC2696E1AD3}.Release|x64.ActiveCfg = Release|x64
		{0FC37E62-B037-4CEE-9170-7FC2696E1AD3}.Release|x64.Build.0 = Release|x64
		{0FC37E62-B037-4CEE-9170-7FC2696E1AD3}.Release|x86.ActiveCfg = Release|Win32
		{0FC37E62-B037-4CEE-9170-7FC2696E1AD3}.Release|x86.Build.0 = Release|Win32
	EndGlobalSection
	GlobalSection(SolutionProperties) = preSolution
		HideSolutionNode = FALSE
	EndGlobalSection
	GlobalSection(NestedProjects) = preSolution
		{00683CDC-8021-4224-BDF2-745A190ED4EA} = {62B245E8-AD1C-4BAA-9BD2-D22DEACFBBD2}
		{1AA89EEB-0F63-4BD0-87C2-71C90A052944} = {62B245E8-AD1C-4BAA-9BD2-D22DEACFBBD2}
		{A49FAA15-B07C-433C-AE0F-A62DED176F31} = {62B245E8-AD1C-4BAA-9BD2-D22DEACFBBD2}
		{8A798923-C315-45C4-9A94-276A474BEE35} = {62B245E8-AD1C-4BAA-9BD2-D22DEACFBBD2}
		{93075200-FA63-4CCB-A8A5-04EDEFB06710} = {62B245E8-AD1C-4BAA-9BD2-D22DEACFBBD2}
		{9C0BA9F8-8C93-473B-9F54-114B40D16B34} = {62B245E8-AD1C-4BAA-9BD2-D22DEACFBBD2}
	EndGlobalSection
EndGlobal
